// !$*UTF8*$!
{
	archiveVersion = 1;
	classes = {
	};
	objectVersion = 77;
	objects = {

/* Begin PBXBuildFile section */
		869854A57F7ADE4A74D1443B /* ContentView.swift in Sources */ = {isa = PBXBuildFile; fileRef = 828081FA64FA89E98D187078 /* ContentView.swift */; };
		F0DBA05D0411F347A4C148A4 /* Wealth_CreationApp.swift in Sources */ = {isa = PBXBuildFile; fileRef = FC322E669DAE04BAB689F3C9 /* Wealth_CreationApp.swift */; };
		BB91F5E2CB572F08057E1DBC /* WealthCore.swift in Sources */ = {isa = PBXBuildFile; fileRef = D115C449789F18250F8F3A62 /* WealthCore.swift */; };
		0E83B51C5E0BCD4C8540699F /* WealthPanelsAndDetails.swift in Sources */ = {isa = PBXBuildFile; fileRef = B6034FD890B6F04C7BEE3F2D /* WealthPanelsAndDetails.swift */; };
		DDE7ED845978122E8C32D7F1 /* WealthScreens.swift in Sources */ = {isa = PBXBuildFile; fileRef = 2A65489E191171291CF81487 /* WealthScreens.swift */; };
		1A62FBF1A2233C80C96833B8 /* WealthSystemAndDetailViews.swift in Sources */ = {isa = PBXBuildFile; fileRef = 40F76C8B4E6FBC3CB5A0FF77 /* WealthSystemAndDetailViews.swift */; };
		6A599FF405504802B6029873 /* WealthUIComponents.swift in Sources */ = {isa = PBXBuildFile; fileRef = 5B4C6F90AAF2BC8F366976D8 /* WealthUIComponents.swift */; };
		8E13BEFBE144D03867515E06 /* AWCSecretConfig.swift in Sources */ = {isa = PBXBuildFile; fileRef = 076F24483444E5BBA5302AE9 /* AWCSecretConfig.swift */; };
		B7246943794F87A2FFFAD5C3 /* MarketDataFetcher.swift in Sources */ = {isa = PBXBuildFile; fileRef = E76FE6A5E6DAE4793494A658 /* MarketDataFetcher.swift */; };
		1DFF804B06FF1B7B516364F9 /* Opportunity+CardStateMachine.swift in Sources */ = {isa = PBXBuildFile; fileRef = 75FBDACF55A6947CCFD9ED89 /* Opportunity+CardStateMachine.swift */; };
		316312F3D42480F0011B2088 /* PersistenceManager.swift in Sources */ = {isa = PBXBuildFile; fileRef = 095A3BC200999F1731BA09A1 /* PersistenceManager.swift */; };
		DAA37F6FC2C5B4B0239D0FD8 /* WealthAILiveCompactCard.swift in Sources */ = {isa = PBXBuildFile; fileRef = A68293CB741C89AA9140D5AB /* WealthAILiveCompactCard.swift */; };
		EE2A18CA3235AC54BDE179C8 /* WealthAILiveCoordinator+Evaluation.swift in Sources */ = {isa = PBXBuildFile; fileRef = 2637F7905D772949E8E9B841 /* WealthAILiveCoordinator+Evaluation.swift */; };
		3DF3EC27201FB3A3BEAD2CA6 /* WealthAILiveCoordinator+Models.swift in Sources */ = {isa = PBXBuildFile; fileRef = 53538F9FF21B100908E61C02 /* WealthAILiveCoordinator+Models.swift */; };
		A8948D2808C2C4EC1540C1A9 /* WealthAILiveCoordinator+Selection.swift in Sources */ = {isa = PBXBuildFile; fileRef = 33F5E4C425E349BC9CE46631 /* WealthAILiveCoordinator+Selection.swift */; };
		8C7C5FA107EB66700CA1618E /* WealthAILiveCoordinator.swift in Sources */ = {isa = PBXBuildFile; fileRef = 18B18969825093DDC266DF83 /* WealthAILiveCoordinator.swift */; };
		39AC716D7BCCB2F1AEFDCC50 /* WealthAILiveRejectionAudit.swift in Sources */ = {isa = PBXBuildFile; fileRef = EB007EA6C8C4E14876869A4A /* WealthAILiveRejectionAudit.swift */; };
		4556D5B7FE33EA2E645DF7FA /* WealthAIScoreStore.swift in Sources */ = {isa = PBXBuildFile; fileRef = EFC3C55DE55F934DA7135AFB /* WealthAIScoreStore.swift */; };
		923B069D388FECDA31873281 /* WealthActivityAdmissionAudit.swift in Sources */ = {isa = PBXBuildFile; fileRef = 15916004C950781B1F9A5BB1 /* WealthActivityAdmissionAudit.swift */; };
		7BE99AE4819AE867561F541B /* WealthAllCardsStore.swift in Sources */ = {isa = PBXBuildFile; fileRef = 3DCE9C0D0EC77FDE4492623B /* WealthAllCardsStore.swift */; };
		7643D1787137A7CA7EAB3E2D /* WealthAppSessionController.swift in Sources */ = {isa = PBXBuildFile; fileRef = D60B8DCF0AD31C5F893CFBA9 /* WealthAppSessionController.swift */; };
		1EE07CE6C3C0562E2E62A3EE /* WealthAuthStore.swift in Sources */ = {isa = PBXBuildFile; fileRef = AD8C503D3DDC09CB0A30B174 /* WealthAuthStore.swift */; };
		D261A372FFB48C659DE2973C /* WealthBackgroundRefreshCoordinator.swift in Sources */ = {isa = PBXBuildFile; fileRef = C7A1F4BBAD9CF9359396A52B /* WealthBackgroundRefreshCoordinator.swift */; };
		F4DAE8801CA97C69DD35CE22 /* WealthBlueCardsStore.swift in Sources */ = {isa = PBXBuildFile; fileRef = 8D167BAB0D53048717B0015A /* WealthBlueCardsStore.swift */; };
		C2CC3AB92DA69D1D65CD7A29 /* WealthBrainStore.swift in Sources */ = {isa = PBXBuildFile; fileRef = 7EB41543A2F3E1ACB612193E /* WealthBrainStore.swift */; };
		322CA3534D53D8BC4C4B6450 /* WealthDownstreamCacheSanity.swift in Sources */ = {isa = PBXBuildFile; fileRef = C49784060FEFB664022B631E /* WealthDownstreamCacheSanity.swift */; };
		7237B18FEA0D32EED5A400B8 /* WealthDownstreamRebuildOrchestrator.swift in Sources */ = {isa = PBXBuildFile; fileRef = 09D0DBDE7040334B009C5237 /* WealthDownstreamRebuildOrchestrator.swift */; };
		523AB6A50AFF622C9E385FE2 /* WealthEngineRefresh+LifecyclePublishing.swift in Sources */ = {isa = PBXBuildFile; fileRef = EBE3C734433171EE1F05111C /* WealthEngineRefresh+LifecyclePublishing.swift */; };
		527E2CD41BFC493CDB7B9E00 /* WealthEngineRuntimeCoordinator.swift in Sources */ = {isa = PBXBuildFile; fileRef = 4EB2836A66AF3A45253ADE8D /* WealthEngineRuntimeCoordinator.swift */; };
		215C13523C592FB766C9EF37 /* WealthEngineRuntimeRecovery.swift in Sources */ = {isa = PBXBuildFile; fileRef = 96BD1222F9D7319B1DB77B21 /* WealthEngineRuntimeRecovery.swift */; };
		F7FC0E0DD9C565F0FA8DB419 /* WealthEngineScanScheduler.swift in Sources */ = {isa = PBXBuildFile; fileRef = 1F2CBEE5628A70E0D9644E1A /* WealthEngineScanScheduler.swift */; };
		85A3E8DB884122DF9AA87574 /* WealthEngineStartupController.swift in Sources */ = {isa = PBXBuildFile; fileRef = 66199CA8280FF99EBC11954F /* WealthEngineStartupController.swift */; };
		A558210688698863650DC452 /* WealthEngineStore+Activation.swift in Sources */ = {isa = PBXBuildFile; fileRef = F5491B1BF19EE3757B034535 /* WealthEngineStore+Activation.swift */; };
		AA01D764874FC32AF720BFAF /* WealthEngineStore+BackgroundCache.swift in Sources */ = {isa = PBXBuildFile; fileRef = 39984F93C73E81333F4898FF /* WealthEngineStore+BackgroundCache.swift */; };
		1B832FB6EE09F9BBC0512CCB /* WealthEngineStore+Bootstrap.swift in Sources */ = {isa = PBXBuildFile; fileRef = 7E4D5FBFDCDDD18B6786BE0E /* WealthEngineStore+Bootstrap.swift */; };
		6A1FF859562CF3FB6EFB4523 /* WealthEngineStore+Cache.swift in Sources */ = {isa = PBXBuildFile; fileRef = 0335D13C6DF34CC89ACED17E /* WealthEngineStore+Cache.swift */; };
		1AFEABE89452E9BFFF70B8A2 /* WealthEngineStore+Dashboard.swift in Sources */ = {isa = PBXBuildFile; fileRef = CFDBA7B85A73EA5FD5C1F419 /* WealthEngineStore+Dashboard.swift */; };
		3E002E82B1C03F9552CA810F /* WealthEngineStore+Materialization.swift in Sources */ = {isa = PBXBuildFile; fileRef = 143731373C9F0705D7BD1328 /* WealthEngineStore+Materialization.swift */; };
		D2C0604C749A0115187BA7B8 /* WealthEngineStore+Recovery.swift in Sources */ = {isa = PBXBuildFile; fileRef = 7160A1FF7B6A5066F65C19C8 /* WealthEngineStore+Recovery.swift */; };
		096A143A59C68090658FD845 /* WealthEngineStore+Refresh.swift in Sources */ = {isa = PBXBuildFile; fileRef = CC6D886EF5B06DF38B15CD74 /* WealthEngineStore+Refresh.swift */; };
		233BD3B1B18A96E29E231C30 /* WealthEngineStore+Timers.swift in Sources */ = {isa = PBXBuildFile; fileRef = 81133F37D69C608ECD3E1B32 /* WealthEngineStore+Timers.swift */; };
		812547AEE8E9122D91F77135 /* WealthEngineStore+UniverseBlueprints.swift in Sources */ = {isa = PBXBuildFile; fileRef = 9D14256E268155E44DD02459 /* WealthEngineStore+UniverseBlueprints.swift */; };
		62AA9F37828FE93419B2F2B4 /* WealthEngineStore.swift in Sources */ = {isa = PBXBuildFile; fileRef = B165715C445DE6BCAB92ACD0 /* WealthEngineStore.swift */; };
		BB2DFC0E9DF83AFC20DA5B10 /* WealthIBKRBridge+Portfolio.swift in Sources */ = {isa = PBXBuildFile; fileRef = 9197D0D92F35C699C1C7BB22 /* WealthIBKRBridge+Portfolio.swift */; };
		2732BEAAC8F23859E02C11F4 /* WealthIBKRBridge+Send.swift in Sources */ = {isa = PBXBuildFile; fileRef = 64F24BC97DF6D8D2B56F0E5F /* WealthIBKRBridge+Send.swift */; };
		B317E220795C670B55921760 /* WealthIBKRBridge.swift in Sources */ = {isa = PBXBuildFile; fileRef = 92D632146BE5E37F124B8192 /* WealthIBKRBridge.swift */; };
		F15C1FD5210C69E174A8F387 /* WealthMarketExecutionAudit.swift in Sources */ = {isa = PBXBuildFile; fileRef = 84BF9C4F9326C777C84C9F3A /* WealthMarketExecutionAudit.swift */; };
		B46F6870975A5F07BCD04ED5 /* WealthNewComponentsBootstrap.swift in Sources */ = {isa = PBXBuildFile; fileRef = 754FED52BB99EB01D1AABAC7 /* WealthNewComponentsBootstrap.swift */; };
		62719BF259035B4A73596AF4 /* WealthOrderRestrictionRules.swift in Sources */ = {isa = PBXBuildFile; fileRef = BAD361B8118AF77CFB62C4D0 /* WealthOrderRestrictionRules.swift */; };
		2965FBD629263E34B6E70979 /* WealthPeerSyncService.swift in Sources */ = {isa = PBXBuildFile; fileRef = 4E0D01B656C4E7668F71EC5D /* WealthPeerSyncService.swift */; };
		DEB3FAF7B5A7296864F532F6 /* WealthPortfolioStore+Lifecycle.swift in Sources */ = {isa = PBXBuildFile; fileRef = 52BD3A9540A94609067A3458 /* WealthPortfolioStore+Lifecycle.swift */; };
		F99E9CF91EA7A3D27C4FBCB4 /* WealthPortfolioStore+LifecycleHelpers.swift in Sources */ = {isa = PBXBuildFile; fileRef = 84DE02C058241DCD514D1F81 /* WealthPortfolioStore+LifecycleHelpers.swift */; };
		7EADEC3B049AC3691456CDF1 /* WealthReadyStateGate.swift in Sources */ = {isa = PBXBuildFile; fileRef = 6CE832CF78A2CB15BB125832 /* WealthReadyStateGate.swift */; };
		FC18F2667BBF4B7C90D1F5C5 /* WealthSessionUnlockController.swift in Sources */ = {isa = PBXBuildFile; fileRef = 5B2D202CE60EDF9CCDE6683C /* WealthSessionUnlockController.swift */; };
		2B8ECEEC092F51473206CF82 /* WealthStaleCacheDetector.swift in Sources */ = {isa = PBXBuildFile; fileRef = 8ABECEAA76ED7AAC5C81F5EA /* WealthStaleCacheDetector.swift */; };
		BF516B62FF0147FA77AC5CE5 /* WealthStartupLagTracer.swift in Sources */ = {isa = PBXBuildFile; fileRef = 51F959594FEA93B59132662B /* WealthStartupLagTracer.swift */; };
		DCC7979110AEA9E2E56D5B4B /* Assets.xcassets in Resources */ = {isa = PBXBuildFile; fileRef = 7AAFBD3F6FF17D3AB2C488BA /* Assets.xcassets */; };
		0C2263317E137FE67A7DCF52 /* Preview Assets.xcassets in Resources */ = {isa = PBXBuildFile; fileRef = EEAD0C3E6075081DABFD390E /* Preview Assets.xcassets */; };
		1E878EF644442573D32681A3 /* WealthBrainModuleRegistry.swift in Sources */ = {isa = PBXBuildFile; fileRef = F51B08C6271D134C7FF0AF92 /* WealthBrainModuleRegistry.swift */; };
		DCFA4C842697B931C28298FD /* WealthCardHoldingStoreSupport.swift in Sources */ = {isa = PBXBuildFile; fileRef = E8663B228C1AF52A874C128C /* WealthCardHoldingStoreSupport.swift */; };
		E2B5C56251AFC63CFE26D89D /* WealthCloudSyncCoordinator.swift in Sources */ = {isa = PBXBuildFile; fileRef = 18516491D344D8B3D8C3686F /* WealthCloudSyncCoordinator.swift */; };
		34F535AFB015062FC60F6A36 /* WealthConfidenceStore.swift in Sources */ = {isa = PBXBuildFile; fileRef = F05A51F23CBE760FA6D5F330 /* WealthConfidenceStore.swift */; };
		F8E14EE33CDF0A843E3B317D /* WealthDataAliveStore.swift in Sources */ = {isa = PBXBuildFile; fileRef = 768B08F9788B934A04DFAB9F /* WealthDataAliveStore.swift */; };
		25B962B132282FCC0117E91A /* WealthGreenCardsStore.swift in Sources */ = {isa = PBXBuildFile; fileRef = F2913193EAB9330A83EF9CBF /* WealthGreenCardsStore.swift */; };
		A7733201C2C025CA33549199 /* WealthGreyCardsStore.swift in Sources */ = {isa = PBXBuildFile; fileRef = 1F1E9315C119BB497B073A85 /* WealthGreyCardsStore.swift */; };
		79582F4539B422D8221993D5 /* WealthLiveMarketDataStore+Payload.swift in Sources */ = {isa = PBXBuildFile; fileRef = D51CBB131C45BA995296F7A1 /* WealthLiveMarketDataStore+Payload.swift */; };
/* End PBXBuildFile section */

/* Begin PBXFileReference section */
		462D0034A425184951D7CBEF /* Wealth Creation.app */ = {isa = PBXFileReference; explicitFileType = wrapper.application; includeInIndex = 0; path = "Wealth Creation.app"; sourceTree = BUILT_PRODUCTS_DIR; };
		7AAFBD3F6FF17D3AB2C488BA /* Assets.xcassets */ = {isa = PBXFileReference; lastKnownFileType = folder.assetcatalog; path = Assets.xcassets; sourceTree = "<group>"; };
		EEAD0C3E6075081DABFD390E /* Preview Assets.xcassets */ = {isa = PBXFileReference; lastKnownFileType = folder.assetcatalog; path = "Preview Assets.xcassets"; sourceTree = "<group>"; };
		BD41A092ACFFC84576B298D2 /* Wealth Creation.entitlements */ = {isa = PBXFileReference; lastKnownFileType = text.plist.entitlements; path = "Wealth Creation.entitlements"; sourceTree = "<group>"; };
		828081FA64FA89E98D187078 /* ContentView.swift */ = {isa = PBXFileReference; lastKnownFileType = sourcecode.swift; path = "ContentView.swift"; sourceTree = "<group>"; };
		FC322E669DAE04BAB689F3C9 /* Wealth_CreationApp.swift */ = {isa = PBXFileReference; lastKnownFileType = sourcecode.swift; path = "Wealth_CreationApp.swift"; sourceTree = "<group>"; };
		D115C449789F18250F8F3A62 /* WealthCore.swift */ = {isa = PBXFileReference; lastKnownFileType = sourcecode.swift; path = "WealthCore.swift"; sourceTree = "<group>"; };
		B6034FD890B6F04C7BEE3F2D /* WealthPanelsAndDetails.swift */ = {isa = PBXFileReference; lastKnownFileType = sourcecode.swift; path = "WealthPanelsAndDetails.swift"; sourceTree = "<group>"; };
		2A65489E191171291CF81487 /* WealthScreens.swift */ = {isa = PBXFileReference; lastKnownFileType = sourcecode.swift; path = "WealthScreens.swift"; sourceTree = "<group>"; };
		40F76C8B4E6FBC3CB5A0FF77 /* WealthSystemAndDetailViews.swift */ = {isa = PBXFileReference; lastKnownFileType = sourcecode.swift; path = "WealthSystemAndDetailViews.swift"; sourceTree = "<group>"; };
		5B4C6F90AAF2BC8F366976D8 /* WealthUIComponents.swift */ = {isa = PBXFileReference; lastKnownFileType = sourcecode.swift; path = "WealthUIComponents.swift"; sourceTree = "<group>"; };
		076F24483444E5BBA5302AE9 /* AWCSecretConfig.swift */ = {isa = PBXFileReference; lastKnownFileType = sourcecode.swift; path = "AWCSecretConfig.swift"; sourceTree = "<group>"; };
		E76FE6A5E6DAE4793494A658 /* MarketDataFetcher.swift */ = {isa = PBXFileReference; lastKnownFileType = sourcecode.swift; path = "MarketDataFetcher.swift"; sourceTree = "<group>"; };
		75FBDACF55A6947CCFD9ED89 /* Opportunity+CardStateMachine.swift */ = {isa = PBXFileReference; lastKnownFileType = sourcecode.swift; path = "Opportunity+CardStateMachine.swift"; sourceTree = "<group>"; };
		095A3BC200999F1731BA09A1 /* PersistenceManager.swift */ = {isa = PBXFileReference; lastKnownFileType = sourcecode.swift; path = "PersistenceManager.swift"; sourceTree = "<group>"; };
		A68293CB741C89AA9140D5AB /* WealthAILiveCompactCard.swift */ = {isa = PBXFileReference; lastKnownFileType = sourcecode.swift; path = "WealthAILiveCompactCard.swift"; sourceTree = "<group>"; };
		2637F7905D772949E8E9B841 /* WealthAILiveCoordinator+Evaluation.swift */ = {isa = PBXFileReference; lastKnownFileType = sourcecode.swift; path = "WealthAILiveCoordinator+Evaluation.swift"; sourceTree = "<group>"; };
		53538F9FF21B100908E61C02 /* WealthAILiveCoordinator+Models.swift */ = {isa = PBXFileReference; lastKnownFileType = sourcecode.swift; path = "WealthAILiveCoordinator+Models.swift"; sourceTree = "<group>"; };
		33F5E4C425E349BC9CE46631 /* WealthAILiveCoordinator+Selection.swift */ = {isa = PBXFileReference; lastKnownFileType = sourcecode.swift; path = "WealthAILiveCoordinator+Selection.swift"; sourceTree = "<group>"; };
		18B18969825093DDC266DF83 /* WealthAILiveCoordinator.swift */ = {isa = PBXFileReference; lastKnownFileType = sourcecode.swift; path = "WealthAILiveCoordinator.swift"; sourceTree = "<group>"; };
		EB007EA6C8C4E14876869A4A /* WealthAILiveRejectionAudit.swift */ = {isa = PBXFileReference; lastKnownFileType = sourcecode.swift; path = "WealthAILiveRejectionAudit.swift"; sourceTree = "<group>"; };
		EFC3C55DE55F934DA7135AFB /* WealthAIScoreStore.swift */ = {isa = PBXFileReference; lastKnownFileType = sourcecode.swift; path = "WealthAIScoreStore.swift"; sourceTree = "<group>"; };
		15916004C950781B1F9A5BB1 /* WealthActivityAdmissionAudit.swift */ = {isa = PBXFileReference; lastKnownFileType = sourcecode.swift; path = "WealthActivityAdmissionAudit.swift"; sourceTree = "<group>"; };
		3DCE9C0D0EC77FDE4492623B /* WealthAllCardsStore.swift */ = {isa = PBXFileReference; lastKnownFileType = sourcecode.swift; path = "WealthAllCardsStore.swift"; sourceTree = "<group>"; };
		D60B8DCF0AD31C5F893CFBA9 /* WealthAppSessionController.swift */ = {isa = PBXFileReference; lastKnownFileType = sourcecode.swift; path = "WealthAppSessionController.swift"; sourceTree = "<group>"; };
		AD8C503D3DDC09CB0A30B174 /* WealthAuthStore.swift */ = {isa = PBXFileReference; lastKnownFileType = sourcecode.swift; path = "WealthAuthStore.swift"; sourceTree = "<group>"; };
		C7A1F4BBAD9CF9359396A52B /* WealthBackgroundRefreshCoordinator.swift */ = {isa = PBXFileReference; lastKnownFileType = sourcecode.swift; path = "WealthBackgroundRefreshCoordinator.swift"; sourceTree = "<group>"; };
		8D167BAB0D53048717B0015A /* WealthBlueCardsStore.swift */ = {isa = PBXFileReference; lastKnownFileType = sourcecode.swift; path = "WealthBlueCardsStore.swift"; sourceTree = "<group>"; };
		7EB41543A2F3E1ACB612193E /* WealthBrainStore.swift */ = {isa = PBXFileReference; lastKnownFileType = sourcecode.swift; path = "WealthBrainStore.swift"; sourceTree = "<group>"; };
		C49784060FEFB664022B631E /* WealthDownstreamCacheSanity.swift */ = {isa = PBXFileReference; lastKnownFileType = sourcecode.swift; path = "WealthDownstreamCacheSanity.swift"; sourceTree = "<group>"; };
		09D0DBDE7040334B009C5237 /* WealthDownstreamRebuildOrchestrator.swift */ = {isa = PBXFileReference; lastKnownFileType = sourcecode.swift; path = "WealthDownstreamRebuildOrchestrator.swift"; sourceTree = "<group>"; };
		EBE3C734433171EE1F05111C /* WealthEngineRefresh+LifecyclePublishing.swift */ = {isa = PBXFileReference; lastKnownFileType = sourcecode.swift; path = "WealthEngineRefresh+LifecyclePublishing.swift"; sourceTree = "<group>"; };
		4EB2836A66AF3A45253ADE8D /* WealthEngineRuntimeCoordinator.swift */ = {isa = PBXFileReference; lastKnownFileType = sourcecode.swift; path = "WealthEngineRuntimeCoordinator.swift"; sourceTree = "<group>"; };
		96BD1222F9D7319B1DB77B21 /* WealthEngineRuntimeRecovery.swift */ = {isa = PBXFileReference; lastKnownFileType = sourcecode.swift; path = "WealthEngineRuntimeRecovery.swift"; sourceTree = "<group>"; };
		1F2CBEE5628A70E0D9644E1A /* WealthEngineScanScheduler.swift */ = {isa = PBXFileReference; lastKnownFileType = sourcecode.swift; path = "WealthEngineScanScheduler.swift"; sourceTree = "<group>"; };
		66199CA8280FF99EBC11954F /* WealthEngineStartupController.swift */ = {isa = PBXFileReference; lastKnownFileType = sourcecode.swift; path = "WealthEngineStartupController.swift"; sourceTree = "<group>"; };
		F5491B1BF19EE3757B034535 /* WealthEngineStore+Activation.swift */ = {isa = PBXFileReference; lastKnownFileType = sourcecode.swift; path = "WealthEngineStore+Activation.swift"; sourceTree = "<group>"; };
		39984F93C73E81333F4898FF /* WealthEngineStore+BackgroundCache.swift */ = {isa = PBXFileReference; lastKnownFileType = sourcecode.swift; path = "WealthEngineStore+BackgroundCache.swift"; sourceTree = "<group>"; };
		7E4D5FBFDCDDD18B6786BE0E /* WealthEngineStore+Bootstrap.swift */ = {isa = PBXFileReference; lastKnownFileType = sourcecode.swift; path = "WealthEngineStore+Bootstrap.swift"; sourceTree = "<group>"; };
		0335D13C6DF34CC89ACED17E /* WealthEngineStore+Cache.swift */ = {isa = PBXFileReference; lastKnownFileType = sourcecode.swift; path = "WealthEngineStore+Cache.swift"; sourceTree = "<group>"; };
		CFDBA7B85A73EA5FD5C1F419 /* WealthEngineStore+Dashboard.swift */ = {isa = PBXFileReference; lastKnownFileType = sourcecode.swift; path = "WealthEngineStore+Dashboard.swift"; sourceTree = "<group>"; };
		143731373C9F0705D7BD1328 /* WealthEngineStore+Materialization.swift */ = {isa = PBXFileReference; lastKnownFileType = sourcecode.swift; path = "WealthEngineStore+Materialization.swift"; sourceTree = "<group>"; };
		7160A1FF7B6A5066F65C19C8 /* WealthEngineStore+Recovery.swift */ = {isa = PBXFileReference; lastKnownFileType = sourcecode.swift; path = "WealthEngineStore+Recovery.swift"; sourceTree = "<group>"; };
		CC6D886EF5B06DF38B15CD74 /* WealthEngineStore+Refresh.swift */ = {isa = PBXFileReference; lastKnownFileType = sourcecode.swift; path = "WealthEngineStore+Refresh.swift"; sourceTree = "<group>"; };
		81133F37D69C608ECD3E1B32 /* WealthEngineStore+Timers.swift */ = {isa = PBXFileReference; lastKnownFileType = sourcecode.swift; path = "WealthEngineStore+Timers.swift"; sourceTree = "<group>"; };
		9D14256E268155E44DD02459 /* WealthEngineStore+UniverseBlueprints.swift */ = {isa = PBXFileReference; lastKnownFileType = sourcecode.swift; path = "WealthEngineStore+UniverseBlueprints.swift"; sourceTree = "<group>"; };
		B165715C445DE6BCAB92ACD0 /* WealthEngineStore.swift */ = {isa = PBXFileReference; lastKnownFileType = sourcecode.swift; path = "WealthEngineStore.swift"; sourceTree = "<group>"; };
		9197D0D92F35C699C1C7BB22 /* WealthIBKRBridge+Portfolio.swift */ = {isa = PBXFileReference; lastKnownFileType = sourcecode.swift; path = "WealthIBKRBridge+Portfolio.swift"; sourceTree = "<group>"; };
		64F24BC97DF6D8D2B56F0E5F /* WealthIBKRBridge+Send.swift */ = {isa = PBXFileReference; lastKnownFileType = sourcecode.swift; path = "WealthIBKRBridge+Send.swift"; sourceTree = "<group>"; };
		92D632146BE5E37F124B8192 /* WealthIBKRBridge.swift */ = {isa = PBXFileReference; lastKnownFileType = sourcecode.swift; path = "WealthIBKRBridge.swift"; sourceTree = "<group>"; };
		84BF9C4F9326C777C84C9F3A /* WealthMarketExecutionAudit.swift */ = {isa = PBXFileReference; lastKnownFileType = sourcecode.swift; path = "WealthMarketExecutionAudit.swift"; sourceTree = "<group>"; };
		754FED52BB99EB01D1AABAC7 /* WealthNewComponentsBootstrap.swift */ = {isa = PBXFileReference; lastKnownFileType = sourcecode.swift; path = "WealthNewComponentsBootstrap.swift"; sourceTree = "<group>"; };
		BAD361B8118AF77CFB62C4D0 /* WealthOrderRestrictionRules.swift */ = {isa = PBXFileReference; lastKnownFileType = sourcecode.swift; path = "WealthOrderRestrictionRules.swift"; sourceTree = "<group>"; };
		4E0D01B656C4E7668F71EC5D /* WealthPeerSyncService.swift */ = {isa = PBXFileReference; lastKnownFileType = sourcecode.swift; path = "WealthPeerSyncService.swift"; sourceTree = "<group>"; };
		52BD3A9540A94609067A3458 /* WealthPortfolioStore+Lifecycle.swift */ = {isa = PBXFileReference; lastKnownFileType = sourcecode.swift; path = "WealthPortfolioStore+Lifecycle.swift"; sourceTree = "<group>"; };
		84DE02C058241DCD514D1F81 /* WealthPortfolioStore+LifecycleHelpers.swift */ = {isa = PBXFileReference; lastKnownFileType = sourcecode.swift; path = "WealthPortfolioStore+LifecycleHelpers.swift"; sourceTree = "<group>"; };
		6CE832CF78A2CB15BB125832 /* WealthReadyStateGate.swift */ = {isa = PBXFileReference; lastKnownFileType = sourcecode.swift; path = "WealthReadyStateGate.swift"; sourceTree = "<group>"; };
		5B2D202CE60EDF9CCDE6683C /* WealthSessionUnlockController.swift */ = {isa = PBXFileReference; lastKnownFileType = sourcecode.swift; path = "WealthSessionUnlockController.swift"; sourceTree = "<group>"; };
		8ABECEAA76ED7AAC5C81F5EA /* WealthStaleCacheDetector.swift */ = {isa = PBXFileReference; lastKnownFileType = sourcecode.swift; path = "WealthStaleCacheDetector.swift"; sourceTree = "<group>"; };
		51F959594FEA93B59132662B /* WealthStartupLagTracer.swift */ = {isa = PBXFileReference; lastKnownFileType = sourcecode.swift; path = "WealthStartupLagTracer.swift"; sourceTree = "<group>"; };
		F51B08C6271D134C7FF0AF92 /* WealthBrainModuleRegistry.swift */ = {isa = PBXFileReference; lastKnownFileType = sourcecode.swift; path = WealthBrainModuleRegistry.swift; sourceTree = "<group>"; };
		E8663B228C1AF52A874C128C /* WealthCardHoldingStoreSupport.swift */ = {isa = PBXFileReference; lastKnownFileType = sourcecode.swift; path = WealthCardHoldingStoreSupport.swift; sourceTree = "<group>"; };
		18516491D344D8B3D8C3686F /* WealthCloudSyncCoordinator.swift */ = {isa = PBXFileReference; lastKnownFileType = sourcecode.swift; path = WealthCloudSyncCoordinator.swift; sourceTree = "<group>"; };
		F05A51F23CBE760FA6D5F330 /* WealthConfidenceStore.swift */ = {isa = PBXFileReference; lastKnownFileType = sourcecode.swift; path = WealthConfidenceStore.swift; sourceTree = "<group>"; };
		768B08F9788B934A04DFAB9F /* WealthDataAliveStore.swift */ = {isa = PBXFileReference; lastKnownFileType = sourcecode.swift; path = WealthDataAliveStore.swift; sourceTree = "<group>"; };
		F2913193EAB9330A83EF9CBF /* WealthGreenCardsStore.swift */ = {isa = PBXFileReference; lastKnownFileType = sourcecode.swift; path = WealthGreenCardsStore.swift; sourceTree = "<group>"; };
		1F1E9315C119BB497B073A85 /* WealthGreyCardsStore.swift */ = {isa = PBXFileReference; lastKnownFileType = sourcecode.swift; path = WealthGreyCardsStore.swift; sourceTree = "<group>"; };
		D51CBB131C45BA995296F7A1 /* WealthLiveMarketDataStore+Payload.swift */ = {isa = PBXFileReference; lastKnownFileType = sourcecode.swift; path = WealthLiveMarketDataStore+Payload.swift; sourceTree = "<group>"; };
/* End PBXFileReference section */

/* Begin PBXFrameworksBuildPhase section */
		E4C7678BCCA375CE6036405C /* Frameworks */ = {
			isa = PBXFrameworksBuildPhase;
			buildActionMask = 2147483647;
			files = (
			);
			runOnlyForDeploymentPostprocessing = 0;
		};
/* End PBXFrameworksBuildPhase section */

/* Begin PBXGroup section */
		8C4FDD7B635240BD562EBB49 = {
			isa = PBXGroup;
			children = (
				84E624357067EBDD43B9B1A3 /* Wealth Creation */,
				B23D89B2D2DF3745A003AEB1 /* Products */,
			);
			sourceTree = "<group>";
		};

		B23D89B2D2DF3745A003AEB1 /* Products */ = {
			isa = PBXGroup;
			children = (
				462D0034A425184951D7CBEF /* Wealth Creation.app */,
			);
			name = Products;
			sourceTree = "<group>";
		};

		A10D4760EBAA946622B2454F /* Preview Content */ = {
			isa = PBXGroup;
			children = (
				EEAD0C3E6075081DABFD390E /* Preview Assets.xcassets */,
			);
			path = "Preview Content";
			sourceTree = "<group>";
		};

		84E624357067EBDD43B9B1A3 /* Wealth Creation */ = {
			isa = PBXGroup;
			children = (
				828081FA64FA89E98D187078 /* ContentView.swift */,
				FC322E669DAE04BAB689F3C9 /* Wealth_CreationApp.swift */,
				D115C449789F18250F8F3A62 /* WealthCore.swift */,
				B6034FD890B6F04C7BEE3F2D /* WealthPanelsAndDetails.swift */,
				2A65489E191171291CF81487 /* WealthScreens.swift */,
				40F76C8B4E6FBC3CB5A0FF77 /* WealthSystemAndDetailViews.swift */,
				5B4C6F90AAF2BC8F366976D8 /* WealthUIComponents.swift */,
				076F24483444E5BBA5302AE9 /* AWCSecretConfig.swift */,
				E76FE6A5E6DAE4793494A658 /* MarketDataFetcher.swift */,
				75FBDACF55A6947CCFD9ED89 /* Opportunity+CardStateMachine.swift */,
				095A3BC200999F1731BA09A1 /* PersistenceManager.swift */,
				A68293CB741C89AA9140D5AB /* WealthAILiveCompactCard.swift */,
				2637F7905D772949E8E9B841 /* WealthAILiveCoordinator+Evaluation.swift */,
				53538F9FF21B100908E61C02 /* WealthAILiveCoordinator+Models.swift */,
				33F5E4C425E349BC9CE46631 /* WealthAILiveCoordinator+Selection.swift */,
				18B18969825093DDC266DF83 /* WealthAILiveCoordinator.swift */,
				EB007EA6C8C4E14876869A4A /* WealthAILiveRejectionAudit.swift */,
				EFC3C55DE55F934DA7135AFB /* WealthAIScoreStore.swift */,
				15916004C950781B1F9A5BB1 /* WealthActivityAdmissionAudit.swift */,
				3DCE9C0D0EC77FDE4492623B /* WealthAllCardsStore.swift */,
				D60B8DCF0AD31C5F893CFBA9 /* WealthAppSessionController.swift */,
				AD8C503D3DDC09CB0A30B174 /* WealthAuthStore.swift */,
				C7A1F4BBAD9CF9359396A52B /* WealthBackgroundRefreshCoordinator.swift */,
				8D167BAB0D53048717B0015A /* WealthBlueCardsStore.swift */,
				7EB41543A2F3E1ACB612193E /* WealthBrainStore.swift */,
				C49784060FEFB664022B631E /* WealthDownstreamCacheSanity.swift */,
				09D0DBDE7040334B009C5237 /* WealthDownstreamRebuildOrchestrator.swift */,
				EBE3C734433171EE1F05111C /* WealthEngineRefresh+LifecyclePublishing.swift */,
				4EB2836A66AF3A45253ADE8D /* WealthEngineRuntimeCoordinator.swift */,
				96BD1222F9D7319B1DB77B21 /* WealthEngineRuntimeRecovery.swift */,
				1F2CBEE5628A70E0D9644E1A /* WealthEngineScanScheduler.swift */,
				66199CA8280FF99EBC11954F /* WealthEngineStartupController.swift */,
				F5491B1BF19EE3757B034535 /* WealthEngineStore+Activation.swift */,
				39984F93C73E81333F4898FF /* WealthEngineStore+BackgroundCache.swift */,
				7E4D5FBFDCDDD18B6786BE0E /* WealthEngineStore+Bootstrap.swift */,
				0335D13C6DF34CC89ACED17E /* WealthEngineStore+Cache.swift */,
				CFDBA7B85A73EA5FD5C1F419 /* WealthEngineStore+Dashboard.swift */,
				143731373C9F0705D7BD1328 /* WealthEngineStore+Materialization.swift */,
				7160A1FF7B6A5066F65C19C8 /* WealthEngineStore+Recovery.swift */,
				CC6D886EF5B06DF38B15CD74 /* WealthEngineStore+Refresh.swift */,
				81133F37D69C608ECD3E1B32 /* WealthEngineStore+Timers.swift */,
				9D14256E268155E44DD02459 /* WealthEngineStore+UniverseBlueprints.swift */,
				B165715C445DE6BCAB92ACD0 /* WealthEngineStore.swift */,
				9197D0D92F35C699C1C7BB22 /* WealthIBKRBridge+Portfolio.swift */,
				64F24BC97DF6D8D2B56F0E5F /* WealthIBKRBridge+Send.swift */,
				92D632146BE5E37F124B8192 /* WealthIBKRBridge.swift */,
				84BF9C4F9326C777C84C9F3A /* WealthMarketExecutionAudit.swift */,
				754FED52BB99EB01D1AABAC7 /* WealthNewComponentsBootstrap.swift */,
				BAD361B8118AF77CFB62C4D0 /* WealthOrderRestrictionRules.swift */,
				4E0D01B656C4E7668F71EC5D /* WealthPeerSyncService.swift */,
				52BD3A9540A94609067A3458 /* WealthPortfolioStore+Lifecycle.swift */,
				84DE02C058241DCD514D1F81 /* WealthPortfolioStore+LifecycleHelpers.swift */,
				6CE832CF78A2CB15BB125832 /* WealthReadyStateGate.swift */,
				5B2D202CE60EDF9CCDE6683C /* WealthSessionUnlockController.swift */,
				8ABECEAA76ED7AAC5C81F5EA /* WealthStaleCacheDetector.swift */,
				51F959594FEA93B59132662B /* WealthStartupLagTracer.swift */,
				F51B08C6271D134C7FF0AF92 /* WealthBrainModuleRegistry.swift */,
				E8663B228C1AF52A874C128C /* WealthCardHoldingStoreSupport.swift */,
				18516491D344D8B3D8C3686F /* WealthCloudSyncCoordinator.swift */,
				F05A51F23CBE760FA6D5F330 /* WealthConfidenceStore.swift */,
				768B08F9788B934A04DFAB9F /* WealthDataAliveStore.swift */,
				F2913193EAB9330A83EF9CBF /* WealthGreenCardsStore.swift */,
				1F1E9315C119BB497B073A85 /* WealthGreyCardsStore.swift */,
				D51CBB131C45BA995296F7A1 /* WealthLiveMarketDataStore+Payload.swift */,
				7AAFBD3F6FF17D3AB2C488BA /* Assets.xcassets */,
				BD41A092ACFFC84576B298D2 /* Wealth Creation.entitlements */,
				A10D4760EBAA946622B2454F /* Preview Content */,
			);
			path = "Wealth Creation";
			sourceTree = "<group>";
		};
/* End PBXGroup section */

/* Begin PBXNativeTarget section */
		42CF63FCBD8640DE0CF8B14C /* Wealth Creation */ = {
			isa = PBXNativeTarget;
			buildConfigurationList = 74C875FD1C5C02E06FAC0545 /* Build configuration list for PBXNativeTarget "Wealth Creation" */;
			buildPhases = (
				291DBA8C05B775CA5086CC49 /* Sources */,
				E4C7678BCCA375CE6036405C /* Frameworks */,
				71DB756CF1F5AAA6A6EA13E5 /* Resources */,
			);
			buildRules = (
			);
			dependencies = (
			);
			name = "Wealth Creation";
			productName = "Wealth Creation";
			productReference = 462D0034A425184951D7CBEF /* Wealth Creation.app */;
			productType = "com.apple.product-type.application";
		};
/* End PBXNativeTarget section */

/* Begin PBXProject section */
		48C3803766AEAA16C41F652A /* Project object */ = {
			isa = PBXProject;
			attributes = {
				BuildIndependentTargetsInParallel = 1;
				LastSwiftUpdateCheck = 1620;
				LastUpgradeCheck = 1620;
				TargetAttributes = {
					42CF63FCBD8640DE0CF8B14C = {
						CreatedOnToolsVersion = 16.2;
					};
				};
			};
			buildConfigurationList = DD445E777372328CDC08F332 /* Build configuration list for PBXProject "Wealth Creation" */;
			compatibilityVersion = "Xcode 14.0";
			developmentRegion = en;
			hasScannedForEncodings = 0;
			knownRegions = (
				en,
				Base,
			);
			mainGroup = 8C4FDD7B635240BD562EBB49;
			productRefGroup = B23D89B2D2DF3745A003AEB1 /* Products */;
			projectDirPath = "";
			projectRoot = "";
			targets = (
				42CF63FCBD8640DE0CF8B14C /* Wealth Creation */,
			);
		};
/* End PBXProject section */

/* Begin PBXResourcesBuildPhase section */
		71DB756CF1F5AAA6A6EA13E5 /* Resources */ = {
			isa = PBXResourcesBuildPhase;
			buildActionMask = 2147483647;
			files = (
				0C2263317E137FE67A7DCF52 /* Preview Assets.xcassets in Resources */,
				DCC7979110AEA9E2E56D5B4B /* Assets.xcassets in Resources */,
			);
			runOnlyForDeploymentPostprocessing = 0;
		};
/* End PBXResourcesBuildPhase section */

/* Begin PBXSourcesBuildPhase section */
		291DBA8C05B775CA5086CC49 /* Sources */ = {
			isa = PBXSourcesBuildPhase;
			buildActionMask = 2147483647;
			files = (
				869854A57F7ADE4A74D1443B /* ContentView.swift in Sources */,
				F0DBA05D0411F347A4C148A4 /* Wealth_CreationApp.swift in Sources */,
				BB91F5E2CB572F08057E1DBC /* WealthCore.swift in Sources */,
				0E83B51C5E0BCD4C8540699F /* WealthPanelsAndDetails.swift in Sources */,
				DDE7ED845978122E8C32D7F1 /* WealthScreens.swift in Sources */,
				1A62FBF1A2233C80C96833B8 /* WealthSystemAndDetailViews.swift in Sources */,
				6A599FF405504802B6029873 /* WealthUIComponents.swift in Sources */,
				8E13BEFBE144D03867515E06 /* AWCSecretConfig.swift in Sources */,
				B7246943794F87A2FFFAD5C3 /* MarketDataFetcher.swift in Sources */,
				1DFF804B06FF1B7B516364F9 /* Opportunity+CardStateMachine.swift in Sources */,
				316312F3D42480F0011B2088 /* PersistenceManager.swift in Sources */,
				DAA37F6FC2C5B4B0239D0FD8 /* WealthAILiveCompactCard.swift in Sources */,
				EE2A18CA3235AC54BDE179C8 /* WealthAILiveCoordinator+Evaluation.swift in Sources */,
				3DF3EC27201FB3A3BEAD2CA6 /* WealthAILiveCoordinator+Models.swift in Sources */,
				A8948D2808C2C4EC1540C1A9 /* WealthAILiveCoordinator+Selection.swift in Sources */,
				8C7C5FA107EB66700CA1618E /* WealthAILiveCoordinator.swift in Sources */,
				39AC716D7BCCB2F1AEFDCC50 /* WealthAILiveRejectionAudit.swift in Sources */,
				4556D5B7FE33EA2E645DF7FA /* WealthAIScoreStore.swift in Sources */,
				923B069D388FECDA31873281 /* WealthActivityAdmissionAudit.swift in Sources */,
				7BE99AE4819AE867561F541B /* WealthAllCardsStore.swift in Sources */,
				7643D1787137A7CA7EAB3E2D /* WealthAppSessionController.swift in Sources */,
				1EE07CE6C3C0562E2E62A3EE /* WealthAuthStore.swift in Sources */,
				D261A372FFB48C659DE2973C /* WealthBackgroundRefreshCoordinator.swift in Sources */,
				F4DAE8801CA97C69DD35CE22 /* WealthBlueCardsStore.swift in Sources */,
				C2CC3AB92DA69D1D65CD7A29 /* WealthBrainStore.swift in Sources */,
				322CA3534D53D8BC4C4B6450 /* WealthDownstreamCacheSanity.swift in Sources */,
				7237B18FEA0D32EED5A400B8 /* WealthDownstreamRebuildOrchestrator.swift in Sources */,
				523AB6A50AFF622C9E385FE2 /* WealthEngineRefresh+LifecyclePublishing.swift in Sources */,
				527E2CD41BFC493CDB7B9E00 /* WealthEngineRuntimeCoordinator.swift in Sources */,
				215C13523C592FB766C9EF37 /* WealthEngineRuntimeRecovery.swift in Sources */,
				F7FC0E0DD9C565F0FA8DB419 /* WealthEngineScanScheduler.swift in Sources */,
				85A3E8DB884122DF9AA87574 /* WealthEngineStartupController.swift in Sources */,
				A558210688698863650DC452 /* WealthEngineStore+Activation.swift in Sources */,
				AA01D764874FC32AF720BFAF /* WealthEngineStore+BackgroundCache.swift in Sources */,
				1B832FB6EE09F9BBC0512CCB /* WealthEngineStore+Bootstrap.swift in Sources */,
				6A1FF859562CF3FB6EFB4523 /* WealthEngineStore+Cache.swift in Sources */,
				1AFEABE89452E9BFFF70B8A2 /* WealthEngineStore+Dashboard.swift in Sources */,
				3E002E82B1C03F9552CA810F /* WealthEngineStore+Materialization.swift in Sources */,
				D2C0604C749A0115187BA7B8 /* WealthEngineStore+Recovery.swift in Sources */,
				096A143A59C68090658FD845 /* WealthEngineStore+Refresh.swift in Sources */,
				233BD3B1B18A96E29E231C30 /* WealthEngineStore+Timers.swift in Sources */,
				812547AEE8E9122D91F77135 /* WealthEngineStore+UniverseBlueprints.swift in Sources */,
				62AA9F37828FE93419B2F2B4 /* WealthEngineStore.swift in Sources */,
				BB2DFC0E9DF83AFC20DA5B10 /* WealthIBKRBridge+Portfolio.swift in Sources */,
				2732BEAAC8F23859E02C11F4 /* WealthIBKRBridge+Send.swift in Sources */,
				B317E220795C670B55921760 /* WealthIBKRBridge.swift in Sources */,
				F15C1FD5210C69E174A8F387 /* WealthMarketExecutionAudit.swift in Sources */,
				B46F6870975A5F07BCD04ED5 /* WealthNewComponentsBootstrap.swift in Sources */,
				62719BF259035B4A73596AF4 /* WealthOrderRestrictionRules.swift in Sources */,
				2965FBD629263E34B6E70979 /* WealthPeerSyncService.swift in Sources */,
				DEB3FAF7B5A7296864F532F6 /* WealthPortfolioStore+Lifecycle.swift in Sources */,
				F99E9CF91EA7A3D27C4FBCB4 /* WealthPortfolioStore+LifecycleHelpers.swift in Sources */,
				7EADEC3B049AC3691456CDF1 /* WealthReadyStateGate.swift in Sources */,
				FC18F2667BBF4B7C90D1F5C5 /* WealthSessionUnlockController.swift in Sources */,
				2B8ECEEC092F51473206CF82 /* WealthStaleCacheDetector.swift in Sources */,
				BF516B62FF0147FA77AC5CE5 /* WealthStartupLagTracer.swift in Sources */,
				1E878EF644442573D32681A3 /* WealthBrainModuleRegistry.swift in Sources */,
				DCFA4C842697B931C28298FD /* WealthCardHoldingStoreSupport.swift in Sources */,
				E2B5C56251AFC63CFE26D89D /* WealthCloudSyncCoordinator.swift in Sources */,
				34F535AFB015062FC60F6A36 /* WealthConfidenceStore.swift in Sources */,
				F8E14EE33CDF0A843E3B317D /* WealthDataAliveStore.swift in Sources */,
				25B962B132282FCC0117E91A /* WealthGreenCardsStore.swift in Sources */,
				A7733201C2C025CA33549199 /* WealthGreyCardsStore.swift in Sources */,
				79582F4539B422D8221993D5 /* WealthLiveMarketDataStore+Payload.swift in Sources */,
			);
			runOnlyForDeploymentPostprocessing = 0;
		};
/* End PBXSourcesBuildPhase section */

/* Begin XCBuildConfiguration section */
		24CDFA4EC262593C7777DDFA /* Debug */ = {
			isa = XCBuildConfiguration;
			buildSettings = {
				ALWAYS_SEARCH_USER_PATHS = NO;
				CLANG_CXX_LANGUAGE_STANDARD = "gnu++20";
				CLANG_ENABLE_MODULES = YES;
				CLANG_ENABLE_OBJC_ARC = YES;
				CLANG_ENABLE_OBJC_WEAK = YES;
				COPY_PHASE_STRIP = NO;
				DEBUG_INFORMATION_FORMAT = dwarf;
				ENABLE_STRICT_OBJC_MSGSEND = YES;
				ENABLE_TESTABILITY = YES;
				GCC_C_LANGUAGE_STANDARD = gnu17;
				GCC_DYNAMIC_NO_PIC = NO;
				GCC_NO_COMMON_BLOCKS = YES;
				GCC_OPTIMIZATION_LEVEL = 0;
				GCC_PREPROCESSOR_DEFINITIONS = (
					"DEBUG=1",
					"$(inherited)",
				);
				IPHONEOS_DEPLOYMENT_TARGET = 17.0;
				MTL_ENABLE_DEBUG_INFO = INCLUDE_SOURCE;
				MTL_FAST_MATH = YES;
				ONLY_ACTIVE_ARCH = YES;
				SDKROOT = iphoneos;
				SWIFT_ACTIVE_COMPILATION_CONDITIONS = DEBUG;
				SWIFT_OPTIMIZATION_LEVEL = "-Onone";
			};
			name = Debug;
		};

		2929FFE8DBED71AC81EBE965 /* Release */ = {
			isa = XCBuildConfiguration;
			buildSettings = {
				ALWAYS_SEARCH_USER_PATHS = NO;
				CLANG_CXX_LANGUAGE_STANDARD = "gnu++20";
				CLANG_ENABLE_MODULES = YES;
				CLANG_ENABLE_OBJC_ARC = YES;
				CLANG_ENABLE_OBJC_WEAK = YES;
				COPY_PHASE_STRIP = NO;
				DEBUG_INFORMATION_FORMAT = "dwarf-with-dsym";
				ENABLE_NS_ASSERTIONS = NO;
				ENABLE_STRICT_OBJC_MSGSEND = YES;
				GCC_C_LANGUAGE_STANDARD = gnu17;
				GCC_NO_COMMON_BLOCKS = YES;
				IPHONEOS_DEPLOYMENT_TARGET = 17.0;
				MTL_FAST_MATH = YES;
				SDKROOT = iphoneos;
				SWIFT_COMPILATION_MODE = wholemodule;
				SWIFT_OPTIMIZATION_LEVEL = "-O";
				VALIDATE_PRODUCT = YES;
			};
			name = Release;
		};

		36F7B61E0BB35F5EE850C3BE /* Debug */ = {
			isa = XCBuildConfiguration;
			buildSettings = {
				CODE_SIGN_ENTITLEMENTS = "Wealth Creation/Wealth Creation.entitlements";
				CODE_SIGN_STYLE = Automatic;
				CURRENT_PROJECT_VERSION = 1;
				GENERATE_INFOPLIST_FILE = YES;
				INFOPLIST_KEY_CFBundleDisplayName = "Wealth Creation";
				INFOPLIST_KEY_LSApplicationCategoryType = "public.app-category.finance";
				INFOPLIST_KEY_NSPrincipalClass = NSApplication;
				INFOPLIST_KEY_UIApplicationSceneManifest_Generation = YES;
				INFOPLIST_KEY_UIApplicationSupportsIndirectInputEvents = YES;
				INFOPLIST_KEY_UILaunchScreen_Generation = YES;
				INFOPLIST_KEY_UISupportedInterfaceOrientations_iPad = "UIInterfaceOrientationPortrait UIInterfaceOrientationPortraitUpsideDown UIInterfaceOrientationLandscapeLeft UIInterfaceOrientationLandscapeRight";
				INFOPLIST_KEY_UISupportedInterfaceOrientations_iPhone = "UIInterfaceOrientationPortrait UIInterfaceOrientationLandscapeLeft UIInterfaceOrientationLandscapeRight";
				IPHONEOS_DEPLOYMENT_TARGET = 17.0;
				MARKETING_VERSION = 1.0;
				PRODUCT_BUNDLE_IDENTIFIER = "com.Zulugames.Wealth-Creation";
				PRODUCT_NAME = "$(TARGET_NAME)";
				SUPPORTS_MACCATALYST = YES;
				SUPPORTS_MAC_DESIGNED_FOR_IPHONE_IPAD = NO;
				SWIFT_EMIT_LOC_STRINGS = YES;
				SWIFT_VERSION = 5.0;
				TARGETED_DEVICE_FAMILY = "1,2";
			};
			name = Debug;
		};

		C961A2B6F28F76EF702C6931 /* Release */ = {
			isa = XCBuildConfiguration;
			buildSettings = {
				CODE_SIGN_ENTITLEMENTS = "Wealth Creation/Wealth Creation.entitlements";
				CODE_SIGN_STYLE = Automatic;
				CURRENT_PROJECT_VERSION = 1;
				GENERATE_INFOPLIST_FILE = YES;
				INFOPLIST_KEY_CFBundleDisplayName = "Wealth Creation";
				INFOPLIST_KEY_LSApplicationCategoryType = "public.app-category.finance";
				INFOPLIST_KEY_NSPrincipalClass = NSApplication;
				INFOPLIST_KEY_UIApplicationSceneManifest_Generation = YES;
				INFOPLIST_KEY_UIApplicationSupportsIndirectInputEvents = YES;
				INFOPLIST_KEY_UILaunchScreen_Generation = YES;
				INFOPLIST_KEY_UISupportedInterfaceOrientations_iPad = "UIInterfaceOrientationPortrait UIInterfaceOrientationPortraitUpsideDown UIInterfaceOrientationLandscapeLeft UIInterfaceOrientationLandscapeRight";
				INFOPLIST_KEY_UISupportedInterfaceOrientations_iPhone = "UIInterfaceOrientationPortrait UIInterfaceOrientationLandscapeLeft UIInterfaceOrientationLandscapeRight";
				IPHONEOS_DEPLOYMENT_TARGET = 17.0;
				MARKETING_VERSION = 1.0;
				PRODUCT_BUNDLE_IDENTIFIER = "com.Zulugames.Wealth-Creation";
				PRODUCT_NAME = "$(TARGET_NAME)";
				SUPPORTS_MACCATALYST = YES;
				SUPPORTS_MAC_DESIGNED_FOR_IPHONE_IPAD = NO;
				SWIFT_EMIT_LOC_STRINGS = YES;
				SWIFT_VERSION = 5.0;
				TARGETED_DEVICE_FAMILY = "1,2";
			};
			name = Release;
		};

/* End XCBuildConfiguration section */

/* Begin XCConfigurationList section */
		DD445E777372328CDC08F332 /* Build configuration list for PBXProject "Wealth Creation" */ = {
			isa = XCConfigurationList;
			buildConfigurations = (
				24CDFA4EC262593C7777DDFA /* Debug */,
				2929FFE8DBED71AC81EBE965 /* Release */,
			);
			defaultConfigurationIsVisible = 0;
			defaultConfigurationName = Release;
		};

		74C875FD1C5C02E06FAC0545 /* Build configuration list for PBXNativeTarget "Wealth Creation" */ = {
			isa = XCConfigurationList;
			buildConfigurations = (
				36F7B61E0BB35F5EE850C3BE /* Debug */,
				C961A2B6F28F76EF702C6931 /* Release */,
			);
			defaultConfigurationIsVisible = 0;
			defaultConfigurationName = Release;
		};

/* End XCConfigurationList section */

	};
	rootObject = 48C3803766AEAA16C41F652A /* Project object */;
}